
Microsoft Visual Studio Solution File, Format Version 12.00
# Visual Studio Version 17
VisualStudioVersion = 17.1.32421.90
MinimumVisualStudioVersion = 10.0.40219.1
Project("{FAE04EC0-301F-11D3-BF4B-00C04F79EFBC}") = "Crud-dapper", "Crud-dapper\Crud-dapper.csproj", "{3D58F5C3-7F76-4A25-9AA5-2C5B80429F13}"
EndProject
Global
	GlobalSection(SolutionConfigurationPlatforms) = preSolution
		Debug|Any CPU = Debug|Any CPU
		Release|Any CPU = Release|Any CPU
	EndGlobalSection
	GlobalSection(ProjectConfigurationPlatforms) = postSolution
		{3D58F5C3-7F76-4A25-9AA5-2C5B80429F13}.Debug|Any CPU.ActiveCfg = Debug|Any CPU
		{3D58F5C3-7F76-4A25-9AA5-2C5B80429F13}.Debug|Any CPU.Build.0 = Debug|Any CPU
		{3D58F5C3-7F76-4A25-9AA5-2C5B80429F13}.Release|Any CPU.ActiveCfg = Release|Any CPU
		{3D58F5C3-7F76-4A25-9AA5-2C5B80429F13}.Release|Any CPU.Build.0 = Release|Any CPU
	EndGlobalSection
	GlobalSection(SolutionProperties) = preSolution
		HideSolutionNode = FALSE
	EndGlobalSection
	GlobalSection(ExtensibilityGlobals) = postSolution
		SolutionGuid = {6FDEE2AE-EB75-4C43-8984-158E1D0B828B}
	EndGlobalSection
EndGlobal
